// !$*UTF8*$!
{
	archiveVersion = 1;
	classes = {
	};
	objectVersion = 77;
	objects = {

/* Begin PBXContainerItemProxy section */
		37F9E7A22ECC9CCB00FFE79E /* PBXContainerItemProxy */ = {
			isa = PBXContainerItemProxy;
			containerPortal = 37F9E78C2ECC9CCA00FFE79E /* Project object */;
			proxyType = 1;
			remoteGlobalIDString = 37F9E7932ECC9CCA00FFE79E;
			remoteInfo = "versionamento-swift-ui";
		};
		37F9E7AC2ECC9CCB00FFE79E /* PBXContainerItemProxy */ = {
			isa = PBXContainerItemProxy;
			containerPortal = 37F9E78C2ECC9CCA00FFE79E /* Project object */;
			proxyType = 1;
			remoteGlobalIDString = 37F9E7932ECC9CCA00FFE79E;
			remoteInfo = "versionamento-swift-ui";
		};
/* End PBXContainerItemProxy section */

/* Begin PBXFileReference section */
		37F9E7942ECC9CCA00FFE79E /* versionamento-swift-ui.app */ = {isa = PBXFileReference; explicitFileType = wrapper.application; includeInIndex = 0; path = "versionamento-swift-ui.app"; sourceTree = BUILT_PRODUCTS_DIR; };
		37F9E7A12ECC9CCB00FFE79E /* versionamento-swift-uiTests.xctest */ = {isa = PBXFileReference; explicitFileType = wrapper.cfbundle; includeInIndex = 0; path = "versionamento-swift-uiTests.xctest"; sourceTree = BUILT_PRODUCTS_DIR; };
		37F9E7AB2ECC9CCB00FFE79E /* versionamento-swift-uiUITests.xctest */ = {isa = PBXFileReference; explicitFileType = wrapper.cfbundle; includeInIndex = 0; path = "versionamento-swift-uiUITests.xctest"; sourceTree = BUILT_PRODUCTS_DIR; };
/* End PBXFileReference section */

/* Begin PBXFileSystemSynchronizedRootGroup section */
		37F9E7962ECC9CCA00FFE79E /* versionamento-swift-ui */ = {
			isa = PBXFileSystemSynchronizedRootGroup;
			path = "versionamento-swift-ui";
			sourceTree = "<group>";
		};
		37F9E7A42ECC9CCB00FFE79E /* versionamento-swift-uiTests */ = {
			isa = PBXFileSystemSynchronizedRootGroup;
			path = "versionamento-swift-uiTests";
			sourceTree = "<group>";
		};
		37F9E7AE2ECC9CCB00FFE79E /* versionamento-swift-uiUITests */ = {
			isa = PBXFileSystemSynchronizedRootGroup;
			path = "versionamento-swift-uiUITests";
			sourceTree = "<group>";
		};
/* End PBXFileSystemSynchronizedRootGroup section */

/* Begin PBXFrameworksBuildPhase section */
		37F9E7912ECC9CCA00FFE79E /* Frameworks */ = {
			isa = PBXFrameworksBuildPhase;
			buildActionMask = 2147483647;
			files = (
			);
			runOnlyForDeploymentPostprocessing = 0;
		};
		37F9E79E2ECC9CCB00FFE79E /* Frameworks */ = {
			isa = PBXFrameworksBuildPhase;
			buildActionMask = 2147483647;
			files = (
			);
			runOnlyForDeploymentPostprocessing = 0;
		};
		37F9E7A82ECC9CCB00FFE79E /* Frameworks */ = {
			isa = PBXFrameworksBuildPhase;
			buildActionMask = 2147483647;
			files = (
			);
			runOnlyForDeploymentPostprocessing = 0;
		};
/* End PBXFrameworksBuildPhase section */

/* Begin PBXGroup section */
		37F9E78B2ECC9CCA00FFE79E = {
			isa = PBXGroup;
			children = (
				37F9E7962ECC9CCA00FFE79E /* versionamento-swift-ui */,
				37F9E7A42ECC9CCB00FFE79E /* versionamento-swift-uiTests */,
				37F9E7AE2ECC9CCB00FFE79E /* versionamento-swift-uiUITests */,
				37F9E7952ECC9CCA00FFE79E /* Products */,
			);
			sourceTree = "<group>";
		};
		37F9E7952ECC9CCA00FFE79E /* Products */ = {
			isa = PBXGroup;
			children = (
				37F9E7942ECC9CCA00FFE79E /* versionamento-swift-ui.app */,
				37F9E7A12ECC9CCB00FFE79E /* versionamento-swift-uiTests.xctest */,
				37F9E7AB2ECC9CCB00FFE79E /* versionamento-swift-uiUITests.xctest */,
			);
			name = Products;
			sourceTree = "<group>";
		};
/* End PBXGroup section */

/* Begin PBXNativeTarget section */
		37F9E7932ECC9CCA00FFE79E /* versionamento-swift-ui */ = {
			isa = PBXNativeTarget;
			buildConfigurationList = 37F9E7B52ECC9CCB00FFE79E /* Build configuration list for PBXNativeTarget "versionamento-swift-ui" */;
			buildPhases = (
				37F9E7902ECC9CCA00FFE79E /* Sources */,
				37F9E7912ECC9CCA00FFE79E /* Frameworks */,
				37F9E7922ECC9CCA00FFE79E /* Resources */,
			);
			buildRules = (
			);
			dependencies = (
			);
			fileSystemSynchronizedGroups = (
				37F9E7962ECC9CCA00FFE79E /* versionamento-swift-ui */,
			);
			name = "versionamento-swift-ui";
			packageProductDependencies = (
			);
			productName = "versionamento-swift-ui";
			productReference = 37F9E7942ECC9CCA00FFE79E /* versionamento-swift-ui.app */;
			productType = "com.apple.product-type.application";
		};
		37F9E7A02ECC9CCB00FFE79E /* versionamento-swift-uiTests */ = {
			isa = PBXNativeTarget;
			buildConfigurationList = 37F9E7B82ECC9CCB00FFE79E /* Build configuration list for PBXNativeTarget "versionamento-swift-uiTests" */;
			buildPhases = (
				37F9E79D2ECC9CCB00FFE79E /* Sources */,
				37F9E79E2ECC9CCB00FFE79E /* Frameworks */,
				37F9E79F2ECC9CCB00FFE79E /* Resources */,
			);
			buildRules = (
			);
			dependencies = (
				37F9E7A32ECC9CCB00FFE79E /* PBXTargetDependency */,
			);
			fileSystemSynchronizedGroups = (
				37F9E7A42ECC9CCB00FFE79E /* versionamento-swift-uiTests */,
			);
			name = "versionamento-swift-uiTests";
			packageProductDependencies = (
			);
			productName = "versionamento-swift-uiTests";
			productReference = 37F9E7A12ECC9CCB00FFE79E /* versionamento-swift-uiTests.xctest */;
			productType = "com.apple.product-type.bundle.unit-test";
		};
		37F9E7AA2ECC9CCB00FFE79E /* versionamento-swift-uiUITests */ = {
			isa = PBXNativeTarget;
			buildConfigurationList = 37F9E7BB2ECC9CCB00FFE79E /* Build configuration list for PBXNativeTarget "versionamento-swift-uiUITests" */;
			buildPhases = (
				37F9E7A72ECC9CCB00FFE79E /* Sources */,
				37F9E7A82ECC9CCB00FFE79E /* Frameworks */,
				37F9E7A92ECC9CCB00FFE79E /* Resources */,
			);
			buildRules = (
			);
			dependencies = (
				37F9E7AD2ECC9CCB00FFE79E /* PBXTargetDependency */,
			);
			fileSystemSynchronizedGroups = (
				37F9E7AE2ECC9CCB00FFE79E /* versionamento-swift-uiUITests */,
			);
			name = "versionamento-swift-uiUITests";
			packageProductDependencies = (
			);
			productName = "versionamento-swift-uiUITests";
			productReference = 37F9E7AB2ECC9CCB00FFE79E /* versionamento-swift-uiUITests.xctest */;
			productType = "com.apple.product-type.bundle.ui-testing";
		};
/* End PBXNativeTarget section */

/* Begin PBXProject section */
		37F9E78C2ECC9CCA00FFE79E /* Project object */ = {
			isa = PBXProject;
			attributes = {
				BuildIndependentTargetsInParallel = 1;
				LastSwiftUpdateCheck = 2600;
				LastUpgradeCheck = 2600;
				TargetAttributes = {
					37F9E7932ECC9CCA00FFE79E = {
						CreatedOnToolsVersion = 26.0;
					};
					37F9E7A02ECC9CCB00FFE79E = {
						CreatedOnToolsVersion = 26.0;
						TestTargetID = 37F9E7932ECC9CCA00FFE79E;
					};
					37F9E7AA2ECC9CCB00FFE79E = {
						CreatedOnToolsVersion = 26.0;
						TestTargetID = 37F9E7932ECC9CCA00FFE79E;
					};
				};
			};
			buildConfigurationList = 37F9E78F2ECC9CCA00FFE79E /* Build configuration list for PBXProject "versionamento-swift-ui" */;
			developmentRegion = en;
			hasScannedForEncodings = 0;
			knownRegions = (
				en,
				Base,
			);
			mainGroup = 37F9E78B2ECC9CCA00FFE79E;
			minimizedProjectReferenceProxies = 1;
			preferredProjectObjectVersion = 77;
			productRefGroup = 37F9E7952ECC9CCA00FFE79E /* Products */;
			projectDirPath = "";
			projectRoot = "";
			targets = (
				37F9E7932ECC9CCA00FFE79E /* versionamento-swift-ui */,
				37F9E7A02ECC9CCB00FFE79E /* versionamento-swift-uiTests */,
				37F9E7AA2ECC9CCB00FFE79E /* versionamento-swift-uiUITests */,
			);
		};
/* End PBXProject section */

/* Begin PBXResourcesBuildPhase section */
		37F9E7922ECC9CCA00FFE79E /* Resources */ = {
			isa = PBXResourcesBuildPhase;
			buildActionMask = 2147483647;
			files = (
			);
			runOnlyForDeploymentPostprocessing = 0;
		};
		37F9E79F2ECC9CCB00FFE79E /* Resources */ = {
			isa = PBXResourcesBuildPhase;
			buildActionMask = 2147483647;
			files = (
			);
			runOnlyForDeploymentPostprocessing = 0;
		};
		37F9E7A92ECC9CCB00FFE79E /* Resources */ = {
			isa = PBXResourcesBuildPhase;
			buildActionMask = 2147483647;
			files = (
			);
			runOnlyForDeploymentPostprocessing = 0;
		};
/* End PBXResourcesBuildPhase section */

/* Begin PBXSourcesBuildPhase section */
		37F9E7902ECC9CCA00FFE79E /* Sources */ = {
			isa = PBXSourcesBuildPhase;
			buildActionMask = 2147483647;
			files = (
			);
			runOnlyForDeploymentPostprocessing = 0;
		};
		37F9E79D2ECC9CCB00FFE79E /* Sources */ = {
			isa = PBXSourcesBuildPhase;
			buildActionMask = 2147483647;
			files = (
			);
			runOnlyForDeploymentPostprocessing = 0;
		};
		37F9E7A72ECC9CCB00FFE79E /* Sources */ = {
			isa = PBXSourcesBuildPhase;
			buildActionMask = 2147483647;
			files = (
			);
			runOnlyForDeploymentPostprocessing = 0;
		};
/* End PBXSourcesBuildPhase section */

/* Begin PBXTargetDependency section */
		37F9E7A32ECC9CCB00FFE79E /* PBXTargetDependency */ = {
			isa = PBXTargetDependency;
			target = 37F9E7932ECC9CCA00FFE79E /* versionamento-swift-ui */;
			targetProxy = 37F9E7A22ECC9CCB00FFE79E /* PBXContainerItemProxy */;
		};
		37F9E7AD2ECC9CCB00FFE79E /* PBXTargetDependency */ = {
			isa = PBXTargetDependency;
			target = 37F9E7932ECC9CCA00FFE79E /* versionamento-swift-ui */;
			targetProxy = 37F9E7AC2ECC9CCB00FFE79E /* PBXContainerItemProxy */;
		};
/* End PBXTargetDependency section */

/* Begin XCBuildConfiguration section */
		37F9E7B32ECC9CCB00FFE79E /* Debug */ = {
			isa = XCBuildConfiguration;
			buildSettings = {
				ALWAYS_SEARCH_USER_PATHS = NO;
				ASSETCATALOG_COMPILER_GENERATE_SWIFT_ASSET_SYMBOL_EXTENSIONS = YES;
				CLANG_ANALYZER_NONNULL = YES;
				CLANG_ANALYZER_NUMBER_OBJECT_CONVERSION = YES_AGGRESSIVE;
				CLANG_CXX_LANGUAGE_STANDARD = "gnu++20";
				CLANG_ENABLE_MODULES = YES;
				CLANG_ENABLE_OBJC_ARC = YES;
				CLANG_ENABLE_OBJC_WEAK = YES;
				CLANG_WARN_BLOCK_CAPTURE_AUTORELEASING = YES;
				CLANG_WARN_BOOL_CONVERSION = YES;
				CLANG_WARN_COMMA = YES;
				CLANG_WARN_CONSTANT_CONVERSION = YES;
				CLANG_WARN_DEPRECATED_OBJC_IMPLEMENTATIONS = YES;
				CLANG_WARN_DIRECT_OBJC_ISA_USAGE = YES_ERROR;
				CLANG_WARN_DOCUMENTATION_COMMENTS = YES;
				CLANG_WARN_EMPTY_BODY = YES;
				CLANG_WARN_ENUM_CONVERSION = YES;
				CLANG_WARN_INFINITE_RECURSION = YES;
				CLANG_WARN_INT_CONVERSION = YES;
				CLANG_WARN_NON_LITERAL_NULL_CONVERSION = YES;
				CLANG_WARN_OBJC_IMPLICIT_RETAIN_SELF = YES;
				CLANG_WARN_OBJC_LITERAL_CONVERSION = YES;
				CLANG_WARN_OBJC_ROOT_CLASS = YES_ERROR;
				CLANG_WARN_QUOTED_INCLUDE_IN_FRAMEWORK_HEADER = YES;
				CLANG_WARN_RANGE_LOOP_ANALYSIS = YES;
				CLANG_WARN_STRICT_PROTOTYPES = YES;
				CLANG_WARN_SUSPICIOUS_MOVE = YES;
				CLANG_WARN_UNGUARDED_AVAILABILITY = YES_AGGRESSIVE;
				CLANG_WARN_UNREACHABLE_CODE = YES;
				CLANG_WARN__DUPLICATE_METHOD_MATCH = YES;
				COPY_PHASE_STRIP = NO;
				DEBUG_INFORMATION_FORMAT = dwarf;
				DEVELOPMENT_TEAM = B6GGN77567;
				ENABLE_STRICT_OBJC_MSGSEND = YES;
				ENABLE_TESTABILITY = YES;
				ENABLE_USER_SCRIPT_SANDBOXING = YES;
				GCC_C_LANGUAGE_STANDARD = gnu17;
				GCC_DYNAMIC_NO_PIC = NO;
				GCC_NO_COMMON_BLOCKS = YES;
				GCC_OPTIMIZATION_LEVEL = 0;
				GCC_PREPROCESSOR_DEFINITIONS = (
					"DEBUG=1",
					"$(inherited)",
				);
				GCC_WARN_64_TO_32_BIT_CONVERSION = YES;
				GCC_WARN_ABOUT_RETURN_TYPE = YES_ERROR;
				GCC_WARN_UNDECLARED_SELECTOR = YES;
				GCC_WARN_UNINITIALIZED_AUTOS = YES_AGGRESSIVE;
				GCC_WARN_UNUSED_FUNCTION = YES;
				GCC_WARN_UNUSED_VARIABLE = YES;
				IPHONEOS_DEPLOYMENT_TARGET = 26.0;
				LOCALIZATION_PREFERS_STRING_CATALOGS = YES;
				MTL_ENABLE_DEBUG_INFO = INCLUDE_SOURCE;
				MTL_FAST_MATH = YES;
				ONLY_ACTIVE_ARCH = YES;
				SDKROOT = iphoneos;
				SWIFT_ACTIVE_COMPILATION_CONDITIONS = "DEBUG $(inherited)";
				SWIFT_OPTIMIZATION_LEVEL = "-Onone";
			};
			name = Debug;
		};
		37F9E7B42ECC9CCB00FFE79E /* Release */ = {
			isa = XCBuildConfiguration;
			buildSettings = {
				ALWAYS_SEARCH_USER_PATHS = NO;
				ASSETCATALOG_COMPILER_GENERATE_SWIFT_ASSET_SYMBOL_EXTENSIONS = YES;
				CLANG_ANALYZER_NONNULL = YES;
				CLANG_ANALYZER_NUMBER_OBJECT_CONVERSION = YES_AGGRESSIVE;
				CLANG_CXX_LANGUAGE_STANDARD = "gnu++20";
				CLANG_ENABLE_MODULES = YES;
				CLANG_ENABLE_OBJC_ARC = YES;
				CLANG_ENABLE_OBJC_WEAK = YES;
				CLANG_WARN_BLOCK_CAPTURE_AUTORELEASING = YES;
				CLANG_WARN_BOOL_CONVERSION = YES;
				CLANG_WARN_COMMA = YES;
				CLANG_WARN_CONSTANT_CONVERSION = YES;
				CLANG_WARN_DEPRECATED_OBJC_IMPLEMENTATIONS = YES;
				CLANG_WARN_DIRECT_OBJC_ISA_USAGE = YES_ERROR;
				CLANG_WARN_DOCUMENTATION_COMMENTS = YES;
				CLANG_WARN_EMPTY_BODY = YES;
				CLANG_WARN_ENUM_CONVERSION = YES;
				CLANG_WARN_INFINITE_RECURSION = YES;
				CLANG_WARN_INT_CONVERSION = YES;
				CLANG_WARN_NON_LITERAL_NULL_CONVERSION = YES;
				CLANG_WARN_OBJC_IMPLICIT_RETAIN_SELF = YES;
				CLANG_WARN_OBJC_LITERAL_CONVERSION = YES;
				CLANG_WARN_OBJC_ROOT_CLASS = YES_ERROR;
				CLANG_WARN_QUOTED_INCLUDE_IN_FRAMEWORK_HEADER = YES;
				CLANG_WARN_RANGE_LOOP_ANALYSIS = YES;
				CLANG_WARN_STRICT_PROTOTYPES = YES;
				CLANG_WARN_SUSPICIOUS_MOVE = YES;
				CLANG_WARN_UNGUARDED_AVAILABILITY = YES_AGGRESSIVE;
				CLANG_WARN_UNREACHABLE_CODE = YES;
				CLANG_WARN__DUPLICATE_METHOD_MATCH = YES;
				COPY_PHASE_STRIP = NO;
				DEBUG_INFORMATION_FORMAT = "dwarf-with-dsym";
				DEVELOPMENT_TEAM = B6GGN77567;
				ENABLE_NS_ASSERTIONS = NO;
				ENABLE_STRICT_OBJC_MSGSEND = YES;
				ENABLE_USER_SCRIPT_SANDBOXING = YES;
				GCC_C_LANGUAGE_STANDARD = gnu17;
				GCC_NO_COMMON_BLOCKS = YES;
				GCC_WARN_64_TO_32_BIT_CONVERSION = YES;
				GCC_WARN_ABOUT_RETURN_TYPE = YES_ERROR;
				GCC_WARN_UNDECLARED_SELECTOR = YES;
				GCC_WARN_UNINITIALIZED_AUTOS = YES_AGGRESSIVE;
				GCC_WARN_UNUSED_FUNCTION = YES;
				GCC_WARN_UNUSED_VARIABLE = YES;
				IPHONEOS_DEPLOYMENT_TARGET = 26.0;
				LOCALIZATION_PREFERS_STRING_CATALOGS = YES;
				MTL_ENABLE_DEBUG_INFO = NO;
				MTL_FAST_MATH = YES;
				SDKROOT = iphoneos;
				SWIFT_COMPILATION_MODE = wholemodule;
				VALIDATE_PRODUCT = YES;
			};
			name = Release;
		};
		37F9E7B62ECC9CCB00FFE79E /* Debug */ = {
			isa = XCBuildConfiguration;
			buildSettings = {
				ASSETCATALOG_COMPILER_APPICON_NAME = AppIcon;
				ASSETCATALOG_COMPILER_GLOBAL_ACCENT_COLOR_NAME = AccentColor;
				CODE_SIGN_STYLE = Automatic;
				CURRENT_PROJECT_VERSION = 1;
				DEVELOPMENT_TEAM = B6GGN77567;
				ENABLE_PREVIEWS = YES;
				GENERATE_INFOPLIST_FILE = YES;
				INFOPLIST_KEY_UIApplicationSceneManifest_Generation = YES;
				INFOPLIST_KEY_UIApplicationSupportsIndirectInputEvents = YES;
				INFOPLIST_KEY_UILaunchScreen_Generation = YES;
				INFOPLIST_KEY_UISupportedInterfaceOrientations_iPad = "UIInterfaceOrientationPortrait UIInterfaceOrientationPortraitUpsideDown UIInterfaceOrientationLandscapeLeft UIInterfaceOrientationLandscapeRight";
				INFOPLIST_KEY_UISupportedInterfaceOrientations_iPhone = "UIInterfaceOrientationPortrait UIInterfaceOrientationLandscapeLeft UIInterfaceOrientationLandscapeRight";
				LD_RUNPATH_SEARCH_PATHS = (
					"$(inherited)",
					"@executable_path/Frameworks",
				);
				MARKETING_VERSION = 1.0;
				PRODUCT_BUNDLE_IDENTIFIER = "com.academy.andreflores.versionamento-swift-ui";
				PRODUCT_NAME = "$(TARGET_NAME)";
				STRING_CATALOG_GENERATE_SYMBOLS = YES;
				SWIFT_APPROACHABLE_CONCURRENCY = YES;
				SWIFT_DEFAULT_ACTOR_ISOLATION = MainActor;
				SWIFT_EMIT_LOC_STRINGS = YES;
				SWIFT_UPCOMING_FEATURE_MEMBER_IMPORT_VISIBILITY = YES;
				SWIFT_VERSION = 5.0;
				TARGETED_DEVICE_FAMILY = "1,2";
			};
			name = Debug;
		};
		37F9E7B72ECC9CCB00FFE79E /* Release */ = {
			isa = XCBuildConfiguration;
			buildSettings = {
				ASSETCATALOG_COMPILER_APPICON_NAME = AppIcon;
				ASSETCATALOG_COMPILER_GLOBAL_ACCENT_COLOR_NAME = AccentColor;
				CODE_SIGN_STYLE = Automatic;
				CURRENT_PROJECT_VERSION = 1;
				DEVELOPMENT_TEAM = B6GGN77567;
				ENABLE_PREVIEWS = YES;
				GENERATE_INFOPLIST_FILE = YES;
				INFOPLIST_KEY_UIApplicationSceneManifest_Generation = YES;
				INFOPLIST_KEY_UIApplicationSupportsIndirectInputEvents = YES;
				INFOPLIST_KEY_UILaunchScreen_Generation = YES;
				INFOPLIST_KEY_UISupportedInterfaceOrientations_iPad = "UIInterfaceOrientationPortrait UIInterfaceOrientationPortraitUpsideDown UIInterfaceOrientationLandscapeLeft UIInterfaceOrientationLandscapeRight";
				INFOPLIST_KEY_UISupportedInterfaceOrientations_iPhone = "UIInterfaceOrientationPortrait UIInterfaceOrientationLandscapeLeft UIInterfaceOrientationLandscapeRight";
				LD_RUNPATH_SEARCH_PATHS = (
					"$(inherited)",
					"@executable_path/Frameworks",
				);
				MARKETING_VERSION = 1.0;
				PRODUCT_BUNDLE_IDENTIFIER = "com.academy.andreflores.versionamento-swift-ui";
				PRODUCT_NAME = "$(TARGET_NAME)";
				STRING_CATALOG_GENERATE_SYMBOLS = YES;
				SWIFT_APPROACHABLE_CONCURRENCY = YES;
				SWIFT_DEFAULT_ACTOR_ISOLATION = MainActor;
				SWIFT_EMIT_LOC_STRINGS = YES;
				SWIFT_UPCOMING_FEATURE_MEMBER_IMPORT_VISIBILITY = YES;
				SWIFT_VERSION = 5.0;
				TARGETED_DEVICE_FAMILY = "1,2";
			};
			name = Release;
		};
		37F9E7B92ECC9CCB00FFE79E /* Debug */ = {
			isa = XCBuildConfiguration;
			buildSettings = {
				BUNDLE_LOADER = "$(TEST_HOST)";
				CODE_SIGN_STYLE = Automatic;
				CURRENT_PROJECT_VERSION = 1;
				DEVELOPMENT_TEAM = B6GGN77567;
				GENERATE_INFOPLIST_FILE = YES;
				IPHONEOS_DEPLOYMENT_TARGET = 26.0;
				MARKETING_VERSION = 1.0;
				PRODUCT_BUNDLE_IDENTIFIER = "com.academy.andreflores.versionamento-swift-uiTests";
				PRODUCT_NAME = "$(TARGET_NAME)";
				STRING_CATALOG_GENERATE_SYMBOLS = NO;
				SWIFT_APPROACHABLE_CONCURRENCY = YES;
				SWIFT_EMIT_LOC_STRINGS = NO;
				SWIFT_UPCOMING_FEATURE_MEMBER_IMPORT_VISIBILITY = YES;
				SWIFT_VERSION = 5.0;
				TARGETED_DEVICE_FAMILY = "1,2";
				TEST_HOST = "$(BUILT_PRODUCTS_DIR)/versionamento-swift-ui.app/$(BUNDLE_EXECUTABLE_FOLDER_PATH)/versionamento-swift-ui";
			};
			name = Debug;
		};
		37F9E7BA2ECC9CCB00FFE79E /* Release */ = {
			isa = XCBuildConfiguration;
			buildSettings = {
				BUNDLE_LOADER = "$(TEST_HOST)";
				CODE_SIGN_STYLE = Automatic;
				CURRENT_PROJECT_VERSION = 1;
				DEVELOPMENT_TEAM = B6GGN77567;
				GENERATE_INFOPLIST_FILE = YES;
				IPHONEOS_DEPLOYMENT_TARGET = 26.0;
				MARKETING_VERSION = 1.0;
				PRODUCT_BUNDLE_IDENTIFIER = "com.academy.andreflores.versionamento-swift-uiTests";
				PRODUCT_NAME = "$(TARGET_NAME)";
				STRING_CATALOG_GENERATE_SYMBOLS = NO;
				SWIFT_APPROACHABLE_CONCURRENCY = YES;
				SWIFT_EMIT_LOC_STRINGS = NO;
				SWIFT_UPCOMING_FEATURE_MEMBER_IMPORT_VISIBILITY = YES;
				SWIFT_VERSION = 5.0;
				TARGETED_DEVICE_FAMILY = "1,2";
				TEST_HOST = "$(BUILT_PRODUCTS_DIR)/versionamento-swift-ui.app/$(BUNDLE_EXECUTABLE_FOLDER_PATH)/versionamento-swift-ui";
			};
			name = Release;
		};
		37F9E7BC2ECC9CCB00FFE79E /* Debug */ = {
			isa = XCBuildConfiguration;
			buildSettings = {
				CODE_SIGN_STYLE = Automatic;
				CURRENT_PROJECT_VERSION = 1;
				DEVELOPMENT_TEAM = B6GGN77567;
				GENERATE_INFOPLIST_FILE = YES;
				MARKETING_VERSION = 1.0;
				PRODUCT_BUNDLE_IDENTIFIER = "com.academy.andreflores.versionamento-swift-uiUITests";
				PRODUCT_NAME = "$(TARGET_NAME)";
				STRING_CATALOG_GENERATE_SYMBOLS = NO;
				SWIFT_APPROACHABLE_CONCURRENCY = YES;
				SWIFT_EMIT_LOC_STRINGS = NO;
				SWIFT_UPCOMING_FEATURE_MEMBER_IMPORT_VISIBILITY = YES;
				SWIFT_VERSION = 5.0;
				TARGETED_DEVICE_FAMILY = "1,2";
				TEST_TARGET_NAME = "versionamento-swift-ui";
			};
			name = Debug;
		};
		37F9E7BD2ECC9CCB00FFE79E /* Release */ = {
			isa = XCBuildConfiguration;
			buildSettings = {
				CODE_SIGN_STYLE = Automatic;
				CURRENT_PROJECT_VERSION = 1;
				DEVELOPMENT_TEAM = B6GGN77567;
				GENERATE_INFOPLIST_FILE = YES;
				MARKETING_VERSION = 1.0;
				PRODUCT_BUNDLE_IDENTIFIER = "com.academy.andreflores.versionamento-swift-uiUITests";
				PRODUCT_NAME = "$(TARGET_NAME)";
				STRING_CATALOG_GENERATE_SYMBOLS = NO;
				SWIFT_APPROACHABLE_CONCURRENCY = YES;
				SWIFT_EMIT_LOC_STRINGS = NO;
				SWIFT_UPCOMING_FEATURE_MEMBER_IMPORT_VISIBILITY = YES;
				SWIFT_VERSION = 5.0;
				TARGETED_DEVICE_FAMILY = "1,2";
				TEST_TARGET_NAME = "versionamento-swift-ui";
			};
			name = Release;
		};
/* End XCBuildConfiguration section */

/* Begin XCConfigurationList section */
		37F9E78F2ECC9CCA00FFE79E /* Build configuration list for PBXProject "versionamento-swift-ui" */ = {
			isa = XCConfigurationList;
			buildConfigurations = (
				37F9E7B32ECC9CCB00FFE79E /* Debug */,
				37F9E7B42ECC9CCB00FFE79E /* Release */,
			);
			defaultConfigurationIsVisible = 0;
			defaultConfigurationName = Release;
		};
		37F9E7B52ECC9CCB00FFE79E /* Build configuration list for PBXNativeTarget "versionamento-swift-ui" */ = {
			isa = XCConfigurationList;
			buildConfigurations = (
				37F9E7B62ECC9CCB00FFE79E /* Debug */,
				37F9E7B72ECC9CCB00FFE79E /* Release */,
			);
			defaultConfigurationIsVisible = 0;
			defaultConfigurationName = Release;
		};
		37F9E7B82ECC9CCB00FFE79E /* Build configuration list for PBXNativeTarget "versionamento-swift-uiTests" */ = {
			isa = XCConfigurationList;
			buildConfigurations = (
				37F9E7B92ECC9CCB00FFE79E /* Debug */,
				37F9E7BA2ECC9CCB00FFE79E /* Release */,
			);
			defaultConfigurationIsVisible = 0;
			defaultConfigurationName = Release;
		};
		37F9E7BB2ECC9CCB00FFE79E /* Build configuration list for PBXNativeTarget "versionamento-swift-uiUITests" */ = {
			isa = XCConfigurationList;
			buildConfigurations = (
				37F9E7BC2ECC9CCB00FFE79E /* Debug */,
				37F9E7BD2ECC9CCB00FFE79E /* Release */,
			);
			defaultConfigurationIsVisible = 0;
			defaultConfigurationName = Release;
		};
/* End XCConfigurationList section */
	};
	rootObject = 37F9E78C2ECC9CCA00FFE79E /* Project object */;
}
